
Microsoft Visual Studio Solution File, Format Version 12.00
# Visual Studio Version 16
VisualStudioVersion = 16.0.30225.117
MinimumVisualStudioVersion = 10.0.40219.1
Project("{FAE04EC0-301F-11D3-BF4B-00C04F79EFBC}") = "Triangle", "Triangle\Triangle.csproj", "{C9317104-C829-42E5-922F-EC28366DCCF5}"
EndProject
Global
	GlobalSection(SolutionConfigurationPlatforms) = preSolution
		Debug|Any CPU = Debug|Any CPU
		Release|Any CPU = Release|Any CPU
	EndGlobalSection
	GlobalSection(ProjectConfigurationPlatforms) = postSolution
		{C9317104-C829-42E5-922F-EC28366DCCF5}.Debug|Any CPU.ActiveCfg = Debug|Any CPU
		{C9317104-C829-42E5-922F-EC28366DCCF5}.Debug|Any CPU.Build.0 = Debug|Any CPU
		{C9317104-C829-42E5-922F-EC28366DCCF5}.Release|Any CPU.ActiveCfg = Release|Any CPU
		{C9317104-C829-42E5-922F-EC28366DCCF5}.Release|Any CPU.Build.0 = Release|Any CPU
	EndGlobalSection
	GlobalSection(SolutionProperties) = preSolution
		HideSolutionNode = FALSE
	EndGlobalSection
	GlobalSection(ExtensibilityGlobals) = postSolution
		SolutionGuid = {9A94E0BA-07A2-4306-983F-8F9417A4E2C4}
	EndGlobalSection
EndGlobal
