
Microsoft Visual Studio Solution File, Format Version 12.00
# Visual Studio Version 16
VisualStudioVersion = 16.0.30225.117
MinimumVisualStudioVersion = 10.0.40219.1
Project("{FAE04EC0-301F-11D3-BF4B-00C04F79EFBC}") = "GroupApp", "GroupApp\GroupApp.csproj", "{4803C03F-A045-4C49-A0F9-BA15F38DE9DE}"
EndProject
Global
	GlobalSection(SolutionConfigurationPlatforms) = preSolution
		Debug|Any CPU = Debug|Any CPU
		Release|Any CPU = Release|Any CPU
	EndGlobalSection
	GlobalSection(ProjectConfigurationPlatforms) = postSolution
		{4803C03F-A045-4C49-A0F9-BA15F38DE9DE}.Debug|Any CPU.ActiveCfg = Debug|Any CPU
		{4803C03F-A045-4C49-A0F9-BA15F38DE9DE}.Debug|Any CPU.Build.0 = Debug|Any CPU
		{4803C03F-A045-4C49-A0F9-BA15F38DE9DE}.Release|Any CPU.ActiveCfg = Release|Any CPU
		{4803C03F-A045-4C49-A0F9-BA15F38DE9DE}.Release|Any CPU.Build.0 = Release|Any CPU
	EndGlobalSection
	GlobalSection(SolutionProperties) = preSolution
		HideSolutionNode = FALSE
	EndGlobalSection
	GlobalSection(ExtensibilityGlobals) = postSolution
		SolutionGuid = {9BFFE47F-1901-44DA-97F7-CDE1FA432068}
	EndGlobalSection
EndGlobal
